<?xml version="1.0" encoding="utf-8"?>
<Project ToolsVersion="4.0" xmlns="http://schemas.microsoft.com/developer/msbuild/2003">
  <ItemGroup>
    <Filter Include="Source Files">
      <UniqueIdentifier>{4FC737F1-C7A5-4376-A066-2A32D752A2FF}</UniqueIdentifier>
      <Extensions>cpp;c;cc;cxx;c++;cppm;ixx;def;odl;idl;hpj;bat;asm;asmx</Extensions>
    </Filter>
    <Filter Include="Header Files">
      <UniqueIdentifier>{93995380-89BD-4b04-88EB-625FBE52EBFB}</UniqueIdentifier>
      <Extensions>h;hh;hpp;hxx;h++;hm;inl;inc;ipp;xsd</Extensions>
    </Filter>
    <Filter Include="Resource Files">
      <UniqueIdentifier>{67DA6AB6-F800-4c08-8B7A-83BB121AAD01}</UniqueIdentifier>
      <Extensions>rc;ico;cur;bmp;dlg;rc2;rct;bin;rgs;gif;jpg;jpeg;jpe;resx;tiff;tif;png;wav;mfcribbon-ms</Extensions>
    </Filter>
    <Filter Include="Shaders">
      <UniqueIdentifier>{de62b5ba-d0f8-485e-b5fe-7ec66a45bb4e}</UniqueIdentifier>
    </Filter>
    <Filter Include="ImGui">
      <UniqueIdentifier>{9808819a-1092-42c2-bea5-0f26c12a5ff5}</UniqueIdentifier>
    </Filter>
    <Filter Include="inc">
      <UniqueIdentifier>{c0a728df-e3c8-4be3-ae40-cb2664664c91}</UniqueIdentifier>
    </Filter>
    <Filter Include="Managers">
      <UniqueIdentifier>{2589084f-1b81-4dbb-81a7-2ef4160ae4e0}</UniqueIdentifier>
    </Filter>
  </ItemGroup>
  <ItemGroup>
    <FxCompile Include="ShaderW0.hlsl">
      <Filter>Shaders</Filter>
    </FxCompile>
  </ItemGroup>
  <ItemGroup>
    <ClCompile Include="main.cpp">
      <Filter>Source Files</Filter>
    </ClCompile>
    <ClCompile Include="ImGui\imgui.cpp">
      <Filter>ImGui</Filter>
    </ClCompile>
    <ClCompile Include="ImGui\imgui_demo.cpp">
      <Filter>ImGui</Filter>
    </ClCompile>
    <ClCompile Include="ImGui\imgui_draw.cpp">
      <Filter>ImGui</Filter>
    </ClCompile>
    <ClCompile Include="ImGui\imgui_impl_dx11.cpp">
      <Filter>ImGui</Filter>
    </ClCompile>
    <ClCompile Include="ImGui\imgui_impl_win32.cpp">
      <Filter>ImGui</Filter>
    </ClCompile>
    <ClCompile Include="ImGui\imgui_tables.cpp">
      <Filter>ImGui</Filter>
    </ClCompile>
    <ClCompile Include="ImGui\imgui_widgets.cpp">
      <Filter>ImGui</Filter>
    </ClCompile>
    <ClCompile Include="URenderer .cpp">
      <Filter>Source Files</Filter>
    </ClCompile>
    <ClCompile Include="UBall.cpp">
      <Filter>Source Files</Filter>
    </ClCompile>
    <ClCompile Include="GameTimer.cpp">
      <Filter>Source Files</Filter>
    </ClCompile>
    <ClCompile Include="pch.cpp">
      <Filter>Source Files</Filter>
    </ClCompile>
    <ClCompile Include="pch.cpp">
      <Filter>Source Files</Filter>
    </ClCompile>
    <ClCompile Include="UResourceManager.cpp">
      <Filter>Source Files</Filter>
    </ClCompile>
    <ClCompile Include="UWindow.cpp">
      <Filter>Source Files</Filter>
    </ClCompile>
    <ClCompile Include="UButton.cpp">
      <Filter>Source Files</Filter>
    </ClCompile>
    <ClCompile Include="UMap.cpp">
      <Filter>Source Files</Filter>
    </ClCompile>
    <ClCompile Include="UScene.cpp">
      <Filter>Source Files</Filter>
    </ClCompile>
    <ClCompile Include="UUi.cpp">
      <Filter>Source Files</Filter>
    </ClCompile>
    <ClCompile Include="UEffectManager.cpp">
      <Filter>Managers</Filter>
    </ClCompile>
    <ClCompile Include="CollisionManager.cpp">
      <Filter>Managers</Filter>
    </ClCompile>
    <ClCompile Include="UResourceManager.cpp">
      <Filter>Managers</Filter>
    </ClCompile>
    <ClCompile Include="UInputManager.cpp">
      <Filter>Managers</Filter>
    </ClCompile>
    <ClCompile Include="UGameManager.cpp">
      <Filter>Managers</Filter>
    </ClCompile>
    <ClCompile Include="USceneManager.cpp">
      <Filter>Managers</Filter>
    </ClCompile>
    <ClCompile Include="USoundManager.cpp">
      <Filter>Managers</Filter>
    </ClCompile>
  </ItemGroup>
  <ItemGroup>
    <ClInclude Include="ImGui\imconfig.h">
      <Filter>ImGui</Filter>
    </ClInclude>
    <ClInclude Include="ImGui\imgui.h">
      <Filter>ImGui</Filter>
    </ClInclude>
    <ClInclude Include="ImGui\imgui_impl_dx11.h">
      <Filter>ImGui</Filter>
    </ClInclude>
    <ClInclude Include="ImGui\imgui_impl_win32.h">
      <Filter>ImGui</Filter>
    </ClInclude>
    <ClInclude Include="ImGui\imgui_internal.h">
      <Filter>ImGui</Filter>
    </ClInclude>
    <ClInclude Include="ImGui\imstb_rectpack.h">
      <Filter>ImGui</Filter>
    </ClInclude>
    <ClInclude Include="ImGui\imstb_textedit.h">
      <Filter>ImGui</Filter>
    </ClInclude>
    <ClInclude Include="ImGui\imstb_truetype.h">
      <Filter>ImGui</Filter>
    </ClInclude>
    <ClInclude Include="Sphere.h">
      <Filter>Header Files</Filter>
    </ClInclude>
    <ClInclude Include="MathTypes.h">
      <Filter>Header Files</Filter>
    </ClInclude>
    <ClInclude Include="URenderer.h">
      <Filter>Header Files</Filter>
    </ClInclude>
    <ClInclude Include="UPrimitive.h">
      <Filter>Header Files</Filter>
    </ClInclude>
    <ClInclude Include="UBall.h">
      <Filter>Header Files</Filter>
    </ClInclude>
    <ClInclude Include="GameTimer.h">
      <Filter>Header Files</Filter>
    </ClInclude>
    <ClInclude Include="pch.h">
      <Filter>Header Files</Filter>
    </ClInclude>
    <ClInclude Include="..\..\GameTechLabWeek1\inc\fmod.h">
      <Filter>inc</Filter>
    </ClInclude>
    <ClInclude Include="..\..\GameTechLabWeek1\inc\fmod.hpp">
      <Filter>inc</Filter>
    </ClInclude>
    <ClInclude Include="..\..\GameTechLabWeek1\inc\fmod_codec.h">
      <Filter>inc</Filter>
    </ClInclude>
    <ClInclude Include="..\..\GameTechLabWeek1\inc\fmod_common.h">
      <Filter>inc</Filter>
    </ClInclude>
    <ClInclude Include="..\..\GameTechLabWeek1\inc\fmod_dsp.h">
      <Filter>inc</Filter>
    </ClInclude>
    <ClInclude Include="..\..\GameTechLabWeek1\inc\fmod_dsp_effects.h">
      <Filter>inc</Filter>
    </ClInclude>
    <ClInclude Include="..\..\GameTechLabWeek1\inc\fmod_errors.h">
      <Filter>inc</Filter>
    </ClInclude>
    <ClInclude Include="..\..\GameTechLabWeek1\inc\fmod_output.h">
      <Filter>inc</Filter>
    </ClInclude>
    <ClInclude Include="pch.h">
      <Filter>Header Files</Filter>
    </ClInclude>
    <ClInclude Include="UResourceManager.h">
      <Filter>Header Files</Filter>
    </ClInclude>
    <ClInclude Include="UWindow.h">
      <Filter>Header Files</Filter>
    </ClInclude>
    <ClInclude Include="UButton.h">
      <Filter>Header Files</Filter>
    </ClInclude>
    <ClInclude Include="UGameSetting.h">
      <Filter>Header Files</Filter>
    </ClInclude>
    <ClInclude Include="UMap.h">
      <Filter>Header Files</Filter>
    </ClInclude>
    <ClInclude Include="UScene.h">
      <Filter>Header Files</Filter>
    </ClInclude>
    <ClInclude Include="UUi.h">
      <Filter>Header Files</Filter>
    </ClInclude>
    <ClInclude Include="CollisionManager.h">
      <Filter>Managers</Filter>
    </ClInclude>
    <ClInclude Include="UEffectManager.h">
      <Filter>Managers</Filter>
    </ClInclude>
    <ClInclude Include="UGameManager.h">
      <Filter>Managers</Filter>
    </ClInclude>
    <ClInclude Include="UInputManager.h">
      <Filter>Managers</Filter>
    </ClInclude>
    <ClInclude Include="UResourceManager.h">
      <Filter>Managers</Filter>
    </ClInclude>
    <ClInclude Include="USoundManager.h">
      <Filter>Managers</Filter>
    </ClInclude>
    <ClInclude Include="USceneManager.h">
      <Filter>Managers</Filter>
    </ClInclude>
  </ItemGroup>
  <ItemGroup>
    <None Include="ImGui\imgui.ini">
      <Filter>ImGui</Filter>
    </None>
    <None Include="..\..\GameTechLabWeek1\inc\fmod.cs">
      <Filter>inc</Filter>
    </None>
    <None Include="..\..\GameTechLabWeek1\inc\fmod_dsp.cs">
      <Filter>inc</Filter>
    </None>
    <None Include="..\..\GameTechLabWeek1\inc\fmod_errors.cs">
      <Filter>inc</Filter>
    </None>
    <None Include="packages.config" />
  </ItemGroup>
</Project>